
Microsoft Visual Studio Solution File, Format Version 12.00
# Visual Studio Version 17
VisualStudioVersion = 17.5.002.0
MinimumVisualStudioVersion = 10.0.40219.1
Project("{9A19103F-16F7-4668-BE54-9A1E7A4F7556}") = "CondominiumProject", "CondominiumProject.csproj", "{84184CCF-DA55-4898-90C9-9F438F1BB9BE}"
EndProject
Global
	GlobalSection(SolutionConfigurationPlatforms) = preSolution
		Debug|Any CPU = Debug|Any CPU
		Release|Any CPU = Release|Any CPU
	EndGlobalSection
	GlobalSection(ProjectConfigurationPlatforms) = postSolution
		{84184CCF-DA55-4898-90C9-9F438F1BB9BE}.Debug|Any CPU.ActiveCfg = Debug|Any CPU
		{84184CCF-DA55-4898-90C9-9F438F1BB9BE}.Debug|Any CPU.Build.0 = Debug|Any CPU
		{84184CCF-DA55-4898-90C9-9F438F1BB9BE}.Release|Any CPU.ActiveCfg = Release|Any CPU
		{84184CCF-DA55-4898-90C9-9F438F1BB9BE}.Release|Any CPU.Build.0 = Release|Any CPU
	EndGlobalSection
	GlobalSection(SolutionProperties) = preSolution
		HideSolutionNode = FALSE
	EndGlobalSection
	GlobalSection(ExtensibilityGlobals) = postSolution
		SolutionGuid = {ED48979A-7B57-41B4-BE97-74823B554FC5}
	EndGlobalSection
EndGlobal
